
Microsoft Visual Studio Solution File, Format Version 12.00
# Visual Studio 14
VisualStudioVersion = 14.0.25420.1
MinimumVisualStudioVersion = 10.0.40219.1
Project("{FAE04EC0-301F-11D3-BF4B-00C04F79EFBC}") = "MTP", "MTP\MTP.csproj", "{BB8A1C27-87EC-49D8-B982-C4401704CD59}"
EndProject
Project("{FAE04EC0-301F-11D3-BF4B-00C04F79EFBC}") = "MTExcelSet", "MTExcelSet\MTExcelSet.csproj", "{3037EB75-041A-4C96-B0C6-6F4EF2BE5F99}"
EndProject
Global
	GlobalSection(SolutionConfigurationPlatforms) = preSolution
		Debug|Any CPU = Debug|Any CPU
		Release|Any CPU = Release|Any CPU
	EndGlobalSection
	GlobalSection(ProjectConfigurationPlatforms) = postSolution
		{BB8A1C27-87EC-49D8-B982-C4401704CD59}.Debug|Any CPU.ActiveCfg = Debug|Any CPU
		{BB8A1C27-87EC-49D8-B982-C4401704CD59}.Debug|Any CPU.Build.0 = Debug|Any CPU
		{BB8A1C27-87EC-49D8-B982-C4401704CD59}.Release|Any CPU.ActiveCfg = Release|Any CPU
		{BB8A1C27-87EC-49D8-B982-C4401704CD59}.Release|Any CPU.Build.0 = Release|Any CPU
		{3037EB75-041A-4C96-B0C6-6F4EF2BE5F99}.Debug|Any CPU.ActiveCfg = Debug|Any CPU
		{3037EB75-041A-4C96-B0C6-6F4EF2BE5F99}.Debug|Any CPU.Build.0 = Debug|Any CPU
		{3037EB75-041A-4C96-B0C6-6F4EF2BE5F99}.Release|Any CPU.ActiveCfg = Release|Any CPU
		{3037EB75-041A-4C96-B0C6-6F4EF2BE5F99}.Release|Any CPU.Build.0 = Release|Any CPU
	EndGlobalSection
	GlobalSection(SolutionProperties) = preSolution
		HideSolutionNode = FALSE
	EndGlobalSection
EndGlobal
